// !$*UTF8*$!
{
	archiveVersion = 1;
	classes = {
	};
	objectVersion = 46;
	objects = {

/* Begin PBXBuildFile section */
		C11E86521F26677300C3A3C0 /* AppDelegate.swift in Sources */ = {isa = PBXBuildFile; fileRef = C11E86511F26677300C3A3C0 /* AppDelegate.swift */; };
		C11E86541F26677300C3A3C0 /* ViewController.swift in Sources */ = {isa = PBXBuildFile; fileRef = C11E86531F26677300C3A3C0 /* ViewController.swift */; };
		C11E86571F26677300C3A3C0 /* Main.storyboard in Resources */ = {isa = PBXBuildFile; fileRef = C11E86551F26677300C3A3C0 /* Main.storyboard */; };
		C11E86591F26677300C3A3C0 /* Assets.xcassets in Resources */ = {isa = PBXBuildFile; fileRef = C11E86581F26677300C3A3C0 /* Assets.xcassets */; };
		C11E865C1F26677300C3A3C0 /* LaunchScreen.storyboard in Resources */ = {isa = PBXBuildFile; fileRef = C11E865A1F26677300C3A3C0 /* LaunchScreen.storyboard */; };
/* End PBXBuildFile section */

/* Begin PBXFileReference section */
		C11E864E1F26677300C3A3C0 /* Camina.app */ = {isa = PBXFileReference; explicitFileType = wrapper.application; includeInIndex = 0; path = Camina.app; sourceTree = BUILT_PRODUCTS_DIR; };
		C11E86511F26677300C3A3C0 /* AppDelegate.swift */ = {isa = PBXFileReference; lastKnownFileType = sourcecode.swift; path = AppDelegate.swift; sourceTree = "<group>"; };
		C11E86531F26677300C3A3C0 /* ViewController.swift */ = {isa = PBXFileReference; lastKnownFileType = sourcecode.swift; path = ViewController.swift; sourceTree = "<group>"; };
		C11E86561F26677300C3A3C0 /* Base */ = {isa = PBXFileReference; lastKnownFileType = file.storyboard; name = Base; path = Base.lproj/Main.storyboard; sourceTree = "<group>"; };
		C11E86581F26677300C3A3C0 /* Assets.xcassets */ = {isa = PBXFileReference; lastKnownFileType = folder.assetcatalog; path = Assets.xcassets; sourceTree = "<group>"; };
		C11E865B1F26677300C3A3C0 /* Base */ = {isa = PBXFileReference; lastKnownFileType = file.storyboard; name = Base; path = Base.lproj/LaunchScreen.storyboard; sourceTree = "<group>"; };
		C11E865D1F26677300C3A3C0 /* Info.plist */ = {isa = PBXFileReference; lastKnownFileType = text.plist.xml; path = Info.plist; sourceTree = "<group>"; };
/* End PBXFileReference section */

/* Begin PBXFrameworksBuildPhase section */
		C11E864B1F26677300C3A3C0 /* Frameworks */ = {
			isa = PBXFrameworksBuildPhase;
			buildActionMask = 2147483647;
			files = (
			);
			runOnlyForDeploymentPostprocessing = 0;
		};
/* End PBXFrameworksBuildPhase section */

/* Begin PBXGroup section */
		C11E86451F26677300C3A3C0 = {
			isa = PBXGroup;
			children = (
				C11E86501F26677300C3A3C0 /* Camina */,
				C11E864F1F26677300C3A3C0 /* Products */,
			);
			sourceTree = "<group>";
		};
		C11E864F1F26677300C3A3C0 /* Products */ = {
			isa = PBXGroup;
			children = (
				C11E864E1F26677300C3A3C0 /* Camina.app */,
			);
			name = Products;
			sourceTree = "<group>";
		};
		C11E86501F26677300C3A3C0 /* Camina */ = {
			isa = PBXGroup;
			children = (
				C11E86511F26677300C3A3C0 /* AppDelegate.swift */,
				C11E86531F26677300C3A3C0 /* ViewController.swift */,
				C11E86551F26677300C3A3C0 /* Main.storyboard */,
				C11E86581F26677300C3A3C0 /* Assets.xcassets */,
				C11E865A1F26677300C3A3C0 /* LaunchScreen.storyboard */,
				C11E865D1F26677300C3A3C0 /* Info.plist */,
			);
			path = Camina;
			sourceTree = "<group>";
		};
/* End PBXGroup section */

/* Begin PBXNativeTarget section */
		C11E864D1F26677300C3A3C0 /* Camina */ = {
			isa = PBXNativeTarget;
			buildConfigurationList = C11E86601F26677300C3A3C0 /* Build configuration list for PBXNativeTarget "Camina" */;
			buildPhases = (
				C11E864A1F26677300C3A3C0 /* Sources */,
				C11E864B1F26677300C3A3C0 /* Frameworks */,
				C11E864C1F26677300C3A3C0 /* Resources */,
			);
			buildRules = (
			);
			dependencies = (
			);
			name = Camina;
			productName = Camina;
			productReference = C11E864E1F26677300C3A3C0 /* Camina.app */;
			productType = "com.apple.product-type.application";
		};
/* End PBXNativeTarget section */

/* Begin PBXProject section */
		C11E86461F26677300C3A3C0 /* Project object */ = {
			isa = PBXProject;
			attributes = {
				LastSwiftUpdateCheck = 0830;
				LastUpgradeCheck = 0830;
				ORGANIZATIONNAME = proximastech.com;
				TargetAttributes = {
					C11E864D1F26677300C3A3C0 = {
						CreatedOnToolsVersion = 8.3.3;
						DevelopmentTeam = J34B2LJ3L7;
						ProvisioningStyle = Automatic;
					};
				};
			};
			buildConfigurationList = C11E86491F26677300C3A3C0 /* Build configuration list for PBXProject "Camina" */;
			compatibilityVersion = "Xcode 3.2";
			developmentRegion = English;
			hasScannedForEncodings = 0;
			knownRegions = (
				en,
				Base,
			);
			mainGroup = C11E86451F26677300C3A3C0;
			productRefGroup = C11E864F1F26677300C3A3C0 /* Products */;
			projectDirPath = "";
			projectRoot = "";
			targets = (
				C11E864D1F26677300C3A3C0 /* Camina */,
			);
		};
/* End PBXProject section */

/* Begin PBXResourcesBuildPhase section */
		C11E864C1F26677300C3A3C0 /* Resources */ = {
			isa = PBXResourcesBuildPhase;
			buildActionMask = 2147483647;
			files = (
				C11E865C1F26677300C3A3C0 /* LaunchScreen.storyboard in Resources */,
				C11E86591F26677300C3A3C0 /* Assets.xcassets in Resources */,
				C11E86571F26677300C3A3C0 /* Main.storyboard in Resources */,
			);
			runOnlyForDeploymentPostprocessing = 0;
		};
/* End PBXResourcesBuildPhase section */

/* Begin PBXSourcesBuildPhase section */
		C11E864A1F26677300C3A3C0 /* Sources */ = {
			isa = PBXSourcesBuildPhase;
			buildActionMask = 2147483647;
			files = (
				C11E86541F26677300C3A3C0 /* ViewController.swift in Sources */,
				C11E86521F26677300C3A3C0 /* AppDelegate.swift in Sources */,
			);
			runOnlyForDeploymentPostprocessing = 0;
		};
/* End PBXSourcesBuildPhase section */

/* Begin PBXVariantGroup section */
		C11E86551F26677300C3A3C0 /* Main.storyboard */ = {
			isa = PBXVariantGroup;
			children = (
				C11E86561F26677300C3A3C0 /* Base */,
			);
			name = Main.storyboard;
			sourceTree = "<group>";
		};
		C11E865A1F26677300C3A3C0 /* LaunchScreen.storyboard */ = {
			isa = PBXVariantGroup;
			children = (
				C11E865B1F26677300C3A3C0 /* Base */,
			);
			name = LaunchScreen.storyboard;
			sourceTree = "<group>";
		};
/* End PBXVariantGroup section */

/* Begin XCBuildConfiguration section */
		C11E865E1F26677300C3A3C0 /* Debug */ = {
			isa = XCBuildConfiguration;
			buildSettings = {
				ALWAYS_SEARCH_USER_PATHS = NO;
				CLANG_ANALYZER_NONNULL = YES;
				CLANG_ANALYZER_NUMBER_OBJECT_CONVERSION = YES_AGGRESSIVE;
				CLANG_CXX_LANGUAGE_STANDARD = "gnu++0x";
				CLANG_CXX_LIBRARY = "libc++";
				CLANG_ENABLE_MODULES = YES;
				CLANG_ENABLE_OBJC_ARC = YES;
				CLANG_WARN_BOOL_CONVERSION = YES;
				CLANG_WARN_CONSTANT_CONVERSION = YES;
				CLANG_WARN_DIRECT_OBJC_ISA_USAGE = YES_ERROR;
				CLANG_WARN_DOCUMENTATION_COMMENTS = YES;
				CLANG_WARN_EMPTY_BODY = YES;
				CLANG_WARN_ENUM_CONVERSION = YES;
				CLANG_WARN_INFINITE_RECURSION = YES;
				CLANG_WARN_INT_CONVERSION = YES;
				CLANG_WARN_OBJC_ROOT_CLASS = YES_ERROR;
				CLANG_WARN_SUSPICIOUS_MOVE = YES;
				CLANG_WARN_UNREACHABLE_CODE = YES;
				CLANG_WARN__DUPLICATE_METHOD_MATCH = YES;
				"CODE_SIGN_IDENTITY[sdk=iphoneos*]" = "iPhone Developer";
				COPY_PHASE_STRIP = NO;
				DEBUG_INFORMATION_FORMAT = dwarf;
				ENABLE_STRICT_OBJC_MSGSEND = YES;
				ENABLE_TESTABILITY = YES;
				GCC_C_LANGUAGE_STANDARD = gnu99;
				GCC_DYNAMIC_NO_PIC = NO;
				GCC_NO_COMMON_BLOCKS = YES;
				GCC_OPTIMIZATION_LEVEL = 0;
				GCC_PREPROCESSOR_DEFINITIONS = (
					"DEBUG=1",
					"$(inherited)",
				);
				GCC_WARN_64_TO_32_BIT_CONVERSION = YES;
				GCC_WARN_ABOUT_RETURN_TYPE = YES_ERROR;
				GCC_WARN_UNDECLARED_SELECTOR = YES;
				GCC_WARN_UNINITIALIZED_AUTOS = YES_AGGRESSIVE;
				GCC_WARN_UNUSED_FUNCTION = YES;
				GCC_WARN_UNUSED_VARIABLE = YES;
				IPHONEOS_DEPLOYMENT_TARGET = 10.3;
				MTL_ENABLE_DEBUG_INFO = YES;
				ONLY_ACTIVE_ARCH = YES;
				SDKROOT = iphoneos;
				SWIFT_ACTIVE_COMPILATION_CONDITIONS = DEBUG;
				SWIFT_OPTIMIZATION_LEVEL = "-Onone";
			};
			name = Debug;
		};
		C11E865F1F26677300C3A3C0 /* Release */ = {
			isa = XCBuildConfiguration;
			buildSettings = {
				ALWAYS_SEARCH_USER_PATHS = NO;
				CLANG_ANALYZER_NONNULL = YES;
				CLANG_ANALYZER_NUMBER_OBJECT_CONVERSION = YES_AGGRESSIVE;
				CLANG_CXX_LANGUAGE_STANDARD = "gnu++0x";
				CLANG_CXX_LIBRARY = "libc++";
				CLANG_ENABLE_MODULES = YES;
				CLANG_ENABLE_OBJC_ARC = YES;
				CLANG_WARN_BOOL_CONVERSION = YES;
				CLANG_WARN_CONSTANT_CONVERSION = YES;
				CLANG_WARN_DIRECT_OBJC_ISA_USAGE = YES_ERROR;
				CLANG_WARN_DOCUMENTATION_COMMENTS = YES;
				CLANG_WARN_EMPTY_BODY = YES;
				CLANG_WARN_ENUM_CONVERSION = YES;
				CLANG_WARN_INFINITE_RECURSION = YES;
				CLANG_WARN_INT_CONVERSION = YES;
				CLANG_WARN_OBJC_ROOT_CLASS = YES_ERROR;
				CLANG_WARN_SUSPICIOUS_MOVE = YES;
				CLANG_WARN_UNREACHABLE_CODE = YES;
				CLANG_WARN__DUPLICATE_METHOD_MATCH = YES;
				"CODE_SIGN_IDENTITY[sdk=iphoneos*]" = "iPhone Developer";
				COPY_PHASE_STRIP = NO;
				DEBUG_INFORMATION_FORMAT = "dwarf-with-dsym";
				ENABLE_NS_ASSERTIONS = NO;
				ENABLE_STRICT_OBJC_MSGSEND = YES;
				GCC_C_LANGUAGE_STANDARD = gnu99;
				GCC_NO_COMMON_BLOCKS = YES;
				GCC_WARN_64_TO_32_BIT_CONVERSION = YES;
				GCC_WARN_ABOUT_RETURN_TYPE = YES_ERROR;
				GCC_WARN_UNDECLARED_SELECTOR = YES;
				GCC_WARN_UNINITIALIZED_AUTOS = YES_AGGRESSIVE;
				GCC_WARN_UNUSED_FUNCTION = YES;
				GCC_WARN_UNUSED_VARIABLE = YES;
				IPHONEOS_DEPLOYMENT_TARGET = 10.3;
				MTL_ENABLE_DEBUG_INFO = NO;
				SDKROOT = iphoneos;
				SWIFT_OPTIMIZATION_LEVEL = "-Owholemodule";
				VALIDATE_PRODUCT = YES;
			};
			name = Release;
		};
		C11E86611F26677300C3A3C0 /* Debug */ = {
			isa = XCBuildConfiguration;
			buildSettings = {
				ASSETCATALOG_COMPILER_APPICON_NAME = AppIcon;
				DEVELOPMENT_TEAM = J34B2LJ3L7;
				INFOPLIST_FILE = Camina/Info.plist;
				LD_RUNPATH_SEARCH_PATHS = "$(inherited) @executable_path/Frameworks";
				PRODUCT_BUNDLE_IDENTIFIER = prximastech.com.Camina;
				PRODUCT_NAME = "$(TARGET_NAME)";
				SWIFT_VERSION = 3.0;
			};
			name = Debug;
		};
		C11E86621F26677300C3A3C0 /* Release */ = {
			isa = XCBuildConfiguration;
			buildSettings = {
				ASSETCATALOG_COMPILER_APPICON_NAME = AppIcon;
				DEVELOPMENT_TEAM = J34B2LJ3L7;
				INFOPLIST_FILE = Camina/Info.plist;
				LD_RUNPATH_SEARCH_PATHS = "$(inherited) @executable_path/Frameworks";
				PRODUCT_BUNDLE_IDENTIFIER = prximastech.com.Camina;
				PRODUCT_NAME = "$(TARGET_NAME)";
				SWIFT_VERSION = 3.0;
			};
			name = Release;
		};
/* End XCBuildConfiguration section */

/* Begin XCConfigurationList section */
		C11E86491F26677300C3A3C0 /* Build configuration list for PBXProject "Camina" */ = {
			isa = XCConfigurationList;
			buildConfigurations = (
				C11E865E1F26677300C3A3C0 /* Debug */,
				C11E865F1F26677300C3A3C0 /* Release */,
			);
			defaultConfigurationIsVisible = 0;
			defaultConfigurationName = Release;
		};
		C11E86601F26677300C3A3C0 /* Build configuration list for PBXNativeTarget "Camina" */ = {
			isa = XCConfigurationList;
			buildConfigurations = (
				C11E86611F26677300C3A3C0 /* Debug */,
				C11E86621F26677300C3A3C0 /* Release */,
			);
			defaultConfigurationIsVisible = 0;
		};
/* End XCConfigurationList section */
	};
	rootObject = C11E86461F26677300C3A3C0 /* Project object */;
}
